
Microsoft Visual Studio Solution File, Format Version 12.00
# Visual Studio Version 17
VisualStudioVersion = 17.3.32825.248
MinimumVisualStudioVersion = 10.0.40219.1
Project("{FAE04EC0-301F-11D3-BF4B-00C04F79EFBC}") = "GeneratorRandomNumber", "GenerateRandomNumber\GeneratorRandomNumber.csproj", "{0FE53C69-14B5-4837-AAF9-D15937CD799C}"
EndProject
Project("{FAE04EC0-301F-11D3-BF4B-00C04F79EFBC}") = "GeneratorRandomNames", "GeneratorRandomNames\GeneratorRandomNames.csproj", "{1836E930-92B5-448F-AB35-49BB8EFEF48B}"
EndProject
Global
	GlobalSection(SolutionConfigurationPlatforms) = preSolution
		Debug|Any CPU = Debug|Any CPU
		Release|Any CPU = Release|Any CPU
	EndGlobalSection
	GlobalSection(ProjectConfigurationPlatforms) = postSolution
		{0FE53C69-14B5-4837-AAF9-D15937CD799C}.Debug|Any CPU.ActiveCfg = Debug|Any CPU
		{0FE53C69-14B5-4837-AAF9-D15937CD799C}.Debug|Any CPU.Build.0 = Debug|Any CPU
		{0FE53C69-14B5-4837-AAF9-D15937CD799C}.Release|Any CPU.ActiveCfg = Release|Any CPU
		{0FE53C69-14B5-4837-AAF9-D15937CD799C}.Release|Any CPU.Build.0 = Release|Any CPU
		{1836E930-92B5-448F-AB35-49BB8EFEF48B}.Debug|Any CPU.ActiveCfg = Debug|Any CPU
		{1836E930-92B5-448F-AB35-49BB8EFEF48B}.Debug|Any CPU.Build.0 = Debug|Any CPU
		{1836E930-92B5-448F-AB35-49BB8EFEF48B}.Release|Any CPU.ActiveCfg = Release|Any CPU
		{1836E930-92B5-448F-AB35-49BB8EFEF48B}.Release|Any CPU.Build.0 = Release|Any CPU
	EndGlobalSection
	GlobalSection(SolutionProperties) = preSolution
		HideSolutionNode = FALSE
	EndGlobalSection
	GlobalSection(ExtensibilityGlobals) = postSolution
		SolutionGuid = {0F5456A0-C153-4C00-86A9-223B5B9D95D7}
	EndGlobalSection
EndGlobal
